
Microsoft Visual Studio Solution File, Format Version 12.00
# Visual Studio Version 16
VisualStudioVersion = 16.0.29709.97
MinimumVisualStudioVersion = 10.0.40219.1
Project("{FAE04EC0-301F-11D3-BF4B-00C04F79EFBC}") = "YoutubeVideoDownload", "YoutubeVideoDownload\YoutubeVideoDownload.csproj", "{D013E3CC-6AF5-4FEF-93E7-078188CEEED2}"
EndProject
Global
	GlobalSection(SolutionConfigurationPlatforms) = preSolution
		Debug|Any CPU = Debug|Any CPU
		Release|Any CPU = Release|Any CPU
	EndGlobalSection
	GlobalSection(ProjectConfigurationPlatforms) = postSolution
		{D013E3CC-6AF5-4FEF-93E7-078188CEEED2}.Debug|Any CPU.ActiveCfg = Debug|Any CPU
		{D013E3CC-6AF5-4FEF-93E7-078188CEEED2}.Debug|Any CPU.Build.0 = Debug|Any CPU
		{D013E3CC-6AF5-4FEF-93E7-078188CEEED2}.Release|Any CPU.ActiveCfg = Release|Any CPU
		{D013E3CC-6AF5-4FEF-93E7-078188CEEED2}.Release|Any CPU.Build.0 = Release|Any CPU
	EndGlobalSection
	GlobalSection(SolutionProperties) = preSolution
		HideSolutionNode = FALSE
	EndGlobalSection
	GlobalSection(ExtensibilityGlobals) = postSolution
		SolutionGuid = {253F7B10-FFDC-4ECA-9ED9-7B0F1817B629}
	EndGlobalSection
EndGlobal
